// !$*UTF8*$!
{
	archiveVersion = 1;
	classes = {
	};
	objectVersion = 50;
	objects = {

/* Begin PBXBuildFile section */
		6D3DCA722106440F006B64BC /* AppDelegate.swift in Sources */ = {isa = PBXBuildFile; fileRef = 6D3DCA712106440F006B64BC /* AppDelegate.swift */; };
		6D3DCA7A2106440F006B64BC /* CodeChallenge.xcdatamodeld in Sources */ = {isa = PBXBuildFile; fileRef = 6D3DCA782106440F006B64BC /* CodeChallenge.xcdatamodeld */; };
		6D3DCA7C21064410006B64BC /* Assets.xcassets in Resources */ = {isa = PBXBuildFile; fileRef = 6D3DCA7B21064410006B64BC /* Assets.xcassets */; };
		6D3DCA7F21064410006B64BC /* LaunchScreen.storyboard in Resources */ = {isa = PBXBuildFile; fileRef = 6D3DCA7D21064410006B64BC /* LaunchScreen.storyboard */; };
		6D3DCA87210646A5006B64BC /* Movies.storyboard in Resources */ = {isa = PBXBuildFile; fileRef = 6D3DCA86210646A5006B64BC /* Movies.storyboard */; };
		6D3DCA8B210646D4006B64BC /* MoviesListViewController.swift in Sources */ = {isa = PBXBuildFile; fileRef = 6D3DCA8A210646D4006B64BC /* MoviesListViewController.swift */; };
		6D3DCA9021064756006B64BC /* MoviesListTableViewCell.swift in Sources */ = {isa = PBXBuildFile; fileRef = 6D3DCA8E21064756006B64BC /* MoviesListTableViewCell.swift */; };
		6D3DCA9121064756006B64BC /* MoviesListTableViewCell.xib in Resources */ = {isa = PBXBuildFile; fileRef = 6D3DCA8F21064756006B64BC /* MoviesListTableViewCell.xib */; };
		6D3DCA9521064939006B64BC /* UIColorExtension.swift in Sources */ = {isa = PBXBuildFile; fileRef = 6D3DCA9421064939006B64BC /* UIColorExtension.swift */; };
		6D3DCA9821064C0D006B64BC /* APIUpcomingMoviesService.swift in Sources */ = {isa = PBXBuildFile; fileRef = 6D3DCA9721064C0D006B64BC /* APIUpcomingMoviesService.swift */; };
		6D3DCA9A21064E89006B64BC /* Constants.swift in Sources */ = {isa = PBXBuildFile; fileRef = 6D3DCA9921064E89006B64BC /* Constants.swift */; };
		6D3DCA9D2106567D006B64BC /* Movie.swift in Sources */ = {isa = PBXBuildFile; fileRef = 6D3DCA9C2106567D006B64BC /* Movie.swift */; };
		6D3DCA9F21065A05006B64BC /* NotificationNameExtension.swift in Sources */ = {isa = PBXBuildFile; fileRef = 6D3DCA9E21065A05006B64BC /* NotificationNameExtension.swift */; };
		6D3DCAA121066BDD006B64BC /* UIImageExtension.swift in Sources */ = {isa = PBXBuildFile; fileRef = 6D3DCAA021066BDD006B64BC /* UIImageExtension.swift */; };
		6D3DCAA32106731E006B64BC /* APIMovieImagesService.swift in Sources */ = {isa = PBXBuildFile; fileRef = 6D3DCAA22106731E006B64BC /* APIMovieImagesService.swift */; };
		6D3DCAA621067AAF006B64BC /* LoadingMoreView.swift in Sources */ = {isa = PBXBuildFile; fileRef = 6D3DCAA521067AAF006B64BC /* LoadingMoreView.swift */; };
		6D3DCAAA21067ADB006B64BC /* LoadingMoreView.xib in Resources */ = {isa = PBXBuildFile; fileRef = 6D3DCAA921067ADB006B64BC /* LoadingMoreView.xib */; };
		6D3DCAAD21067B89006B64BC /* BaseView.swift in Sources */ = {isa = PBXBuildFile; fileRef = 6D3DCAAC21067B89006B64BC /* BaseView.swift */; };
		6D52D3AC210735A10028E248 /* MoviesListViewController+Keyboard.swift in Sources */ = {isa = PBXBuildFile; fileRef = 6D52D3AB210735A10028E248 /* MoviesListViewController+Keyboard.swift */; };
		6D52D3AF2107380B0028E248 /* MovieDetailViewController.swift in Sources */ = {isa = PBXBuildFile; fileRef = 6D52D3AE2107380B0028E248 /* MovieDetailViewController.swift */; };
		6D52D3B121073E1D0028E248 /* StoryboardExtension.swift in Sources */ = {isa = PBXBuildFile; fileRef = 6D52D3B021073E1D0028E248 /* StoryboardExtension.swift */; };
		D2C90A36DC8F7ECCBBADEC07 /* Pods_CodeChallenge.framework in Frameworks */ = {isa = PBXBuildFile; fileRef = ECF1F66B66C35DF2B2B88BC3 /* Pods_CodeChallenge.framework */; };
/* End PBXBuildFile section */

/* Begin PBXFileReference section */
		6D3DCA6E2106440F006B64BC /* CodeChallenge.app */ = {isa = PBXFileReference; explicitFileType = wrapper.application; includeInIndex = 0; path = CodeChallenge.app; sourceTree = BUILT_PRODUCTS_DIR; };
		6D3DCA712106440F006B64BC /* AppDelegate.swift */ = {isa = PBXFileReference; lastKnownFileType = sourcecode.swift; path = AppDelegate.swift; sourceTree = "<group>"; };
		6D3DCA792106440F006B64BC /* CodeChallenge.xcdatamodel */ = {isa = PBXFileReference; lastKnownFileType = wrapper.xcdatamodel; path = CodeChallenge.xcdatamodel; sourceTree = "<group>"; };
		6D3DCA7B21064410006B64BC /* Assets.xcassets */ = {isa = PBXFileReference; lastKnownFileType = folder.assetcatalog; path = Assets.xcassets; sourceTree = "<group>"; };
		6D3DCA7E21064410006B64BC /* Base */ = {isa = PBXFileReference; lastKnownFileType = file.storyboard; name = Base; path = Base.lproj/LaunchScreen.storyboard; sourceTree = "<group>"; };
		6D3DCA8021064410006B64BC /* Info.plist */ = {isa = PBXFileReference; lastKnownFileType = text.plist.xml; path = Info.plist; sourceTree = "<group>"; };
		6D3DCA86210646A5006B64BC /* Movies.storyboard */ = {isa = PBXFileReference; lastKnownFileType = file.storyboard; path = Movies.storyboard; sourceTree = "<group>"; };
		6D3DCA8A210646D4006B64BC /* MoviesListViewController.swift */ = {isa = PBXFileReference; lastKnownFileType = sourcecode.swift; path = MoviesListViewController.swift; sourceTree = "<group>"; };
		6D3DCA8E21064756006B64BC /* MoviesListTableViewCell.swift */ = {isa = PBXFileReference; lastKnownFileType = sourcecode.swift; path = MoviesListTableViewCell.swift; sourceTree = "<group>"; };
		6D3DCA8F21064756006B64BC /* MoviesListTableViewCell.xib */ = {isa = PBXFileReference; lastKnownFileType = file.xib; path = MoviesListTableViewCell.xib; sourceTree = "<group>"; };
		6D3DCA9421064939006B64BC /* UIColorExtension.swift */ = {isa = PBXFileReference; lastKnownFileType = sourcecode.swift; path = UIColorExtension.swift; sourceTree = "<group>"; };
		6D3DCA9721064C0D006B64BC /* APIUpcomingMoviesService.swift */ = {isa = PBXFileReference; lastKnownFileType = sourcecode.swift; path = APIUpcomingMoviesService.swift; sourceTree = "<group>"; };
		6D3DCA9921064E89006B64BC /* Constants.swift */ = {isa = PBXFileReference; lastKnownFileType = sourcecode.swift; path = Constants.swift; sourceTree = "<group>"; };
		6D3DCA9C2106567D006B64BC /* Movie.swift */ = {isa = PBXFileReference; lastKnownFileType = sourcecode.swift; path = Movie.swift; sourceTree = "<group>"; };
		6D3DCA9E21065A05006B64BC /* NotificationNameExtension.swift */ = {isa = PBXFileReference; lastKnownFileType = sourcecode.swift; path = NotificationNameExtension.swift; sourceTree = "<group>"; };
		6D3DCAA021066BDD006B64BC /* UIImageExtension.swift */ = {isa = PBXFileReference; lastKnownFileType = sourcecode.swift; path = UIImageExtension.swift; sourceTree = "<group>"; };
		6D3DCAA22106731E006B64BC /* APIMovieImagesService.swift */ = {isa = PBXFileReference; lastKnownFileType = sourcecode.swift; path = APIMovieImagesService.swift; sourceTree = "<group>"; };
		6D3DCAA521067AAF006B64BC /* LoadingMoreView.swift */ = {isa = PBXFileReference; lastKnownFileType = sourcecode.swift; path = LoadingMoreView.swift; sourceTree = "<group>"; };
		6D3DCAA921067ADB006B64BC /* LoadingMoreView.xib */ = {isa = PBXFileReference; lastKnownFileType = file.xib; path = LoadingMoreView.xib; sourceTree = "<group>"; };
		6D3DCAAC21067B89006B64BC /* BaseView.swift */ = {isa = PBXFileReference; lastKnownFileType = sourcecode.swift; path = BaseView.swift; sourceTree = "<group>"; };
		6D52D3AB210735A10028E248 /* MoviesListViewController+Keyboard.swift */ = {isa = PBXFileReference; lastKnownFileType = sourcecode.swift; path = "MoviesListViewController+Keyboard.swift"; sourceTree = "<group>"; };
		6D52D3AE2107380B0028E248 /* MovieDetailViewController.swift */ = {isa = PBXFileReference; lastKnownFileType = sourcecode.swift; path = MovieDetailViewController.swift; sourceTree = "<group>"; };
		6D52D3B021073E1D0028E248 /* StoryboardExtension.swift */ = {isa = PBXFileReference; lastKnownFileType = sourcecode.swift; path = StoryboardExtension.swift; sourceTree = "<group>"; };
		ECF1F66B66C35DF2B2B88BC3 /* Pods_CodeChallenge.framework */ = {isa = PBXFileReference; explicitFileType = wrapper.framework; includeInIndex = 0; path = Pods_CodeChallenge.framework; sourceTree = BUILT_PRODUCTS_DIR; };
		F155A007D88C2EB334CD5A2B /* Pods-CodeChallenge.debug.xcconfig */ = {isa = PBXFileReference; includeInIndex = 1; lastKnownFileType = text.xcconfig; name = "Pods-CodeChallenge.debug.xcconfig"; path = "Pods/Target Support Files/Pods-CodeChallenge/Pods-CodeChallenge.debug.xcconfig"; sourceTree = "<group>"; };
		FC761F6185093F47AC025D50 /* Pods-CodeChallenge.release.xcconfig */ = {isa = PBXFileReference; includeInIndex = 1; lastKnownFileType = text.xcconfig; name = "Pods-CodeChallenge.release.xcconfig"; path = "Pods/Target Support Files/Pods-CodeChallenge/Pods-CodeChallenge.release.xcconfig"; sourceTree = "<group>"; };
/* End PBXFileReference section */

/* Begin PBXFrameworksBuildPhase section */
		6D3DCA6B2106440F006B64BC /* Frameworks */ = {
			isa = PBXFrameworksBuildPhase;
			buildActionMask = 2147483647;
			files = (
				D2C90A36DC8F7ECCBBADEC07 /* Pods_CodeChallenge.framework in Frameworks */,
			);
			runOnlyForDeploymentPostprocessing = 0;
		};
/* End PBXFrameworksBuildPhase section */

/* Begin PBXGroup section */
		1C26F975A3C045D57E0639BC /* Frameworks */ = {
			isa = PBXGroup;
			children = (
				ECF1F66B66C35DF2B2B88BC3 /* Pods_CodeChallenge.framework */,
			);
			name = Frameworks;
			sourceTree = "<group>";
		};
		6ACDE7D69829D0ED92641AEE /* Pods */ = {
			isa = PBXGroup;
			children = (
				F155A007D88C2EB334CD5A2B /* Pods-CodeChallenge.debug.xcconfig */,
				FC761F6185093F47AC025D50 /* Pods-CodeChallenge.release.xcconfig */,
			);
			name = Pods;
			sourceTree = "<group>";
		};
		6D3DCA652106440F006B64BC = {
			isa = PBXGroup;
			children = (
				6D3DCA702106440F006B64BC /* CodeChallenge */,
				6D3DCA6F2106440F006B64BC /* Products */,
				6ACDE7D69829D0ED92641AEE /* Pods */,
				1C26F975A3C045D57E0639BC /* Frameworks */,
			);
			sourceTree = "<group>";
		};
		6D3DCA6F2106440F006B64BC /* Products */ = {
			isa = PBXGroup;
			children = (
				6D3DCA6E2106440F006B64BC /* CodeChallenge.app */,
			);
			name = Products;
			sourceTree = "<group>";
		};
		6D3DCA702106440F006B64BC /* CodeChallenge */ = {
			isa = PBXGroup;
			children = (
				6D3DCAAB21067B7F006B64BC /* BaseFiles */,
				6D3DCA9B21065673006B64BC /* Models */,
				6D3DCA9621064C02006B64BC /* Service */,
				6D3DCA9321064929006B64BC /* Extensions */,
				6D3DCA9221064923006B64BC /* Constants */,
				6D3DCA8C2106472F006B64BC /* UI */,
				6D3DCA89210646BC006B64BC /* ViewControllers */,
				6D3DCA88210646A9006B64BC /* Storyboards */,
				6D3DCA712106440F006B64BC /* AppDelegate.swift */,
				6D3DCA7B21064410006B64BC /* Assets.xcassets */,
				6D3DCA7D21064410006B64BC /* LaunchScreen.storyboard */,
				6D3DCA8021064410006B64BC /* Info.plist */,
				6D3DCA782106440F006B64BC /* CodeChallenge.xcdatamodeld */,
			);
			path = CodeChallenge;
			sourceTree = "<group>";
		};
		6D3DCA88210646A9006B64BC /* Storyboards */ = {
			isa = PBXGroup;
			children = (
				6D3DCA86210646A5006B64BC /* Movies.storyboard */,
			);
			path = Storyboards;
			sourceTree = "<group>";
		};
		6D3DCA89210646BC006B64BC /* ViewControllers */ = {
			isa = PBXGroup;
			children = (
				6D52D3AD210737EA0028E248 /* MovieDetailViewController */,
				6D52D3A6210735670028E248 /* MoviesListViewController */,
			);
			path = ViewControllers;
			sourceTree = "<group>";
		};
		6D3DCA8C2106472F006B64BC /* UI */ = {
			isa = PBXGroup;
			children = (
				6D3DCAA421067A80006B64BC /* View */,
				6D3DCA8D21064737006B64BC /* TableCells */,
			);
			path = UI;
			sourceTree = "<group>";
		};
		6D3DCA8D21064737006B64BC /* TableCells */ = {
			isa = PBXGroup;
			children = (
				6D3DCAA721067AB4006B64BC /* MoviesListTableViewCell */,
			);
			path = TableCells;
			sourceTree = "<group>";
		};
		6D3DCA9221064923006B64BC /* Constants */ = {
			isa = PBXGroup;
			children = (
				6D3DCA9921064E89006B64BC /* Constants.swift */,
			);
			path = Constants;
			sourceTree = "<group>";
		};
		6D3DCA9321064929006B64BC /* Extensions */ = {
			isa = PBXGroup;
			children = (
				6D3DCA9421064939006B64BC /* UIColorExtension.swift */,
				6D3DCA9E21065A05006B64BC /* NotificationNameExtension.swift */,
				6D3DCAA021066BDD006B64BC /* UIImageExtension.swift */,
				6D52D3B021073E1D0028E248 /* StoryboardExtension.swift */,
			);
			path = Extensions;
			sourceTree = "<group>";
		};
		6D3DCA9621064C02006B64BC /* Service */ = {
			isa = PBXGroup;
			children = (
				6D3DCA9721064C0D006B64BC /* APIUpcomingMoviesService.swift */,
				6D3DCAA22106731E006B64BC /* APIMovieImagesService.swift */,
			);
			path = Service;
			sourceTree = "<group>";
		};
		6D3DCA9B21065673006B64BC /* Models */ = {
			isa = PBXGroup;
			children = (
				6D3DCA9C2106567D006B64BC /* Movie.swift */,
			);
			path = Models;
			sourceTree = "<group>";
		};
		6D3DCAA421067A80006B64BC /* View */ = {
			isa = PBXGroup;
			children = (
				6D3DCAA821067AC8006B64BC /* LoadingMoreView */,
			);
			path = View;
			sourceTree = "<group>";
		};
		6D3DCAA721067AB4006B64BC /* MoviesListTableViewCell */ = {
			isa = PBXGroup;
			children = (
				6D3DCA8E21064756006B64BC /* MoviesListTableViewCell.swift */,
				6D3DCA8F21064756006B64BC /* MoviesListTableViewCell.xib */,
			);
			path = MoviesListTableViewCell;
			sourceTree = "<group>";
		};
		6D3DCAA821067AC8006B64BC /* LoadingMoreView */ = {
			isa = PBXGroup;
			children = (
				6D3DCAA521067AAF006B64BC /* LoadingMoreView.swift */,
				6D3DCAA921067ADB006B64BC /* LoadingMoreView.xib */,
			);
			path = LoadingMoreView;
			sourceTree = "<group>";
		};
		6D3DCAAB21067B7F006B64BC /* BaseFiles */ = {
			isa = PBXGroup;
			children = (
				6D3DCAAC21067B89006B64BC /* BaseView.swift */,
			);
			path = BaseFiles;
			sourceTree = "<group>";
		};
		6D52D3A6210735670028E248 /* MoviesListViewController */ = {
			isa = PBXGroup;
			children = (
				6D3DCA8A210646D4006B64BC /* MoviesListViewController.swift */,
				6D52D3AB210735A10028E248 /* MoviesListViewController+Keyboard.swift */,
			);
			path = MoviesListViewController;
			sourceTree = "<group>";
		};
		6D52D3AD210737EA0028E248 /* MovieDetailViewController */ = {
			isa = PBXGroup;
			children = (
				6D52D3AE2107380B0028E248 /* MovieDetailViewController.swift */,
			);
			path = MovieDetailViewController;
			sourceTree = "<group>";
		};
/* End PBXGroup section */

/* Begin PBXNativeTarget section */
		6D3DCA6D2106440F006B64BC /* CodeChallenge */ = {
			isa = PBXNativeTarget;
			buildConfigurationList = 6D3DCA8321064410006B64BC /* Build configuration list for PBXNativeTarget "CodeChallenge" */;
			buildPhases = (
				1872AB9FB157E83BCAB4C27A /* [CP] Check Pods Manifest.lock */,
				6D3DCA6A2106440F006B64BC /* Sources */,
				6D3DCA6B2106440F006B64BC /* Frameworks */,
				6D3DCA6C2106440F006B64BC /* Resources */,
				FB6E314BACC17441681D7CBA /* [CP] Embed Pods Frameworks */,
				29959E5A39A2518007374C21 /* [CP] Copy Pods Resources */,
			);
			buildRules = (
			);
			dependencies = (
			);
			name = CodeChallenge;
			productName = CodeChallenge;
			productReference = 6D3DCA6E2106440F006B64BC /* CodeChallenge.app */;
			productType = "com.apple.product-type.application";
		};
/* End PBXNativeTarget section */

/* Begin PBXProject section */
		6D3DCA662106440F006B64BC /* Project object */ = {
			isa = PBXProject;
			attributes = {
				LastSwiftUpdateCheck = 0940;
				LastUpgradeCheck = 0940;
				ORGANIZATIONNAME = "Raphael Carletti";
				TargetAttributes = {
					6D3DCA6D2106440F006B64BC = {
						CreatedOnToolsVersion = 9.4.1;
					};
				};
			};
			buildConfigurationList = 6D3DCA692106440F006B64BC /* Build configuration list for PBXProject "CodeChallenge" */;
			compatibilityVersion = "Xcode 9.3";
			developmentRegion = en;
			hasScannedForEncodings = 0;
			knownRegions = (
				en,
				Base,
			);
			mainGroup = 6D3DCA652106440F006B64BC;
			productRefGroup = 6D3DCA6F2106440F006B64BC /* Products */;
			projectDirPath = "";
			projectRoot = "";
			targets = (
				6D3DCA6D2106440F006B64BC /* CodeChallenge */,
			);
		};
/* End PBXProject section */

/* Begin PBXResourcesBuildPhase section */
		6D3DCA6C2106440F006B64BC /* Resources */ = {
			isa = PBXResourcesBuildPhase;
			buildActionMask = 2147483647;
			files = (
				6D3DCA7F21064410006B64BC /* LaunchScreen.storyboard in Resources */,
				6D3DCA7C21064410006B64BC /* Assets.xcassets in Resources */,
				6D3DCA9121064756006B64BC /* MoviesListTableViewCell.xib in Resources */,
				6D3DCAAA21067ADB006B64BC /* LoadingMoreView.xib in Resources */,
				6D3DCA87210646A5006B64BC /* Movies.storyboard in Resources */,
			);
			runOnlyForDeploymentPostprocessing = 0;
		};
/* End PBXResourcesBuildPhase section */

/* Begin PBXShellScriptBuildPhase section */
		1872AB9FB157E83BCAB4C27A /* [CP] Check Pods Manifest.lock */ = {
			isa = PBXShellScriptBuildPhase;
			buildActionMask = 2147483647;
			files = (
			);
			inputPaths = (
				"${PODS_PODFILE_DIR_PATH}/Podfile.lock",
				"${PODS_ROOT}/Manifest.lock",
			);
			name = "[CP] Check Pods Manifest.lock";
			outputPaths = (
				"$(DERIVED_FILE_DIR)/Pods-CodeChallenge-checkManifestLockResult.txt",
			);
			runOnlyForDeploymentPostprocessing = 0;
			shellPath = /bin/sh;
			shellScript = "diff \"${PODS_PODFILE_DIR_PATH}/Podfile.lock\" \"${PODS_ROOT}/Manifest.lock\" > /dev/null\nif [ $? != 0 ] ; then\n    # print error to STDERR\n    echo \"error: The sandbox is not in sync with the Podfile.lock. Run 'pod install' or update your CocoaPods installation.\" >&2\n    exit 1\nfi\n# This output is used by Xcode 'outputs' to avoid re-running this script phase.\necho \"SUCCESS\" > \"${SCRIPT_OUTPUT_FILE_0}\"\n";
			showEnvVarsInLog = 0;
		};
		29959E5A39A2518007374C21 /* [CP] Copy Pods Resources */ = {
			isa = PBXShellScriptBuildPhase;
			buildActionMask = 2147483647;
			files = (
			);
			inputPaths = (
			);
			name = "[CP] Copy Pods Resources";
			outputPaths = (
			);
			runOnlyForDeploymentPostprocessing = 0;
			shellPath = /bin/sh;
			shellScript = "\"${SRCROOT}/Pods/Target Support Files/Pods-CodeChallenge/Pods-CodeChallenge-resources.sh\"\n";
			showEnvVarsInLog = 0;
		};
		FB6E314BACC17441681D7CBA /* [CP] Embed Pods Frameworks */ = {
			isa = PBXShellScriptBuildPhase;
			buildActionMask = 2147483647;
			files = (
			);
			inputPaths = (
				"${SRCROOT}/Pods/Target Support Files/Pods-CodeChallenge/Pods-CodeChallenge-frameworks.sh",
				"${BUILT_PRODUCTS_DIR}/Alamofire/Alamofire.framework",
			);
			name = "[CP] Embed Pods Frameworks";
			outputPaths = (
				"${TARGET_BUILD_DIR}/${FRAMEWORKS_FOLDER_PATH}/Alamofire.framework",
			);
			runOnlyForDeploymentPostprocessing = 0;
			shellPath = /bin/sh;
			shellScript = "\"${SRCROOT}/Pods/Target Support Files/Pods-CodeChallenge/Pods-CodeChallenge-frameworks.sh\"\n";
			showEnvVarsInLog = 0;
		};
/* End PBXShellScriptBuildPhase section */

/* Begin PBXSourcesBuildPhase section */
		6D3DCA6A2106440F006B64BC /* Sources */ = {
			isa = PBXSourcesBuildPhase;
			buildActionMask = 2147483647;
			files = (
				6D3DCAA621067AAF006B64BC /* LoadingMoreView.swift in Sources */,
				6D52D3AF2107380B0028E248 /* MovieDetailViewController.swift in Sources */,
				6D3DCAA32106731E006B64BC /* APIMovieImagesService.swift in Sources */,
				6D52D3AC210735A10028E248 /* MoviesListViewController+Keyboard.swift in Sources */,
				6D3DCA9F21065A05006B64BC /* NotificationNameExtension.swift in Sources */,
				6D3DCA7A2106440F006B64BC /* CodeChallenge.xcdatamodeld in Sources */,
				6D3DCA722106440F006B64BC /* AppDelegate.swift in Sources */,
				6D3DCAAD21067B89006B64BC /* BaseView.swift in Sources */,
				6D3DCAA121066BDD006B64BC /* UIImageExtension.swift in Sources */,
				6D3DCA9521064939006B64BC /* UIColorExtension.swift in Sources */,
				6D52D3B121073E1D0028E248 /* StoryboardExtension.swift in Sources */,
				6D3DCA9021064756006B64BC /* MoviesListTableViewCell.swift in Sources */,
				6D3DCA9A21064E89006B64BC /* Constants.swift in Sources */,
				6D3DCA9821064C0D006B64BC /* APIUpcomingMoviesService.swift in Sources */,
				6D3DCA9D2106567D006B64BC /* Movie.swift in Sources */,
				6D3DCA8B210646D4006B64BC /* MoviesListViewController.swift in Sources */,
			);
			runOnlyForDeploymentPostprocessing = 0;
		};
/* End PBXSourcesBuildPhase section */

/* Begin PBXVariantGroup section */
		6D3DCA7D21064410006B64BC /* LaunchScreen.storyboard */ = {
			isa = PBXVariantGroup;
			children = (
				6D3DCA7E21064410006B64BC /* Base */,
			);
			name = LaunchScreen.storyboard;
			sourceTree = "<group>";
		};
/* End PBXVariantGroup section */

/* Begin XCBuildConfiguration section */
		6D3DCA8121064410006B64BC /* Debug */ = {
			isa = XCBuildConfiguration;
			buildSettings = {
				ALWAYS_SEARCH_USER_PATHS = NO;
				CLANG_ANALYZER_NONNULL = YES;
				CLANG_ANALYZER_NUMBER_OBJECT_CONVERSION = YES_AGGRESSIVE;
				CLANG_CXX_LANGUAGE_STANDARD = "gnu++14";
				CLANG_CXX_LIBRARY = "libc++";
				CLANG_ENABLE_MODULES = YES;
				CLANG_ENABLE_OBJC_ARC = YES;
				CLANG_ENABLE_OBJC_WEAK = YES;
				CLANG_WARN_BLOCK_CAPTURE_AUTORELEASING = YES;
				CLANG_WARN_BOOL_CONVERSION = YES;
				CLANG_WARN_COMMA = YES;
				CLANG_WARN_CONSTANT_CONVERSION = YES;
				CLANG_WARN_DEPRECATED_OBJC_IMPLEMENTATIONS = YES;
				CLANG_WARN_DIRECT_OBJC_ISA_USAGE = YES_ERROR;
				CLANG_WARN_DOCUMENTATION_COMMENTS = YES;
				CLANG_WARN_EMPTY_BODY = YES;
				CLANG_WARN_ENUM_CONVERSION = YES;
				CLANG_WARN_INFINITE_RECURSION = YES;
				CLANG_WARN_INT_CONVERSION = YES;
				CLANG_WARN_NON_LITERAL_NULL_CONVERSION = YES;
				CLANG_WARN_OBJC_IMPLICIT_RETAIN_SELF = YES;
				CLANG_WARN_OBJC_LITERAL_CONVERSION = YES;
				CLANG_WARN_OBJC_ROOT_CLASS = YES_ERROR;
				CLANG_WARN_RANGE_LOOP_ANALYSIS = YES;
				CLANG_WARN_STRICT_PROTOTYPES = YES;
				CLANG_WARN_SUSPICIOUS_MOVE = YES;
				CLANG_WARN_UNGUARDED_AVAILABILITY = YES_AGGRESSIVE;
				CLANG_WARN_UNREACHABLE_CODE = YES;
				CLANG_WARN__DUPLICATE_METHOD_MATCH = YES;
				CODE_SIGN_IDENTITY = "iPhone Developer";
				COPY_PHASE_STRIP = NO;
				DEBUG_INFORMATION_FORMAT = dwarf;
				ENABLE_STRICT_OBJC_MSGSEND = YES;
				ENABLE_TESTABILITY = YES;
				GCC_C_LANGUAGE_STANDARD = gnu11;
				GCC_DYNAMIC_NO_PIC = NO;
				GCC_NO_COMMON_BLOCKS = YES;
				GCC_OPTIMIZATION_LEVEL = 0;
				GCC_PREPROCESSOR_DEFINITIONS = (
					"DEBUG=1",
					"$(inherited)",
				);
				GCC_WARN_64_TO_32_BIT_CONVERSION = YES;
				GCC_WARN_ABOUT_RETURN_TYPE = YES_ERROR;
				GCC_WARN_UNDECLARED_SELECTOR = YES;
				GCC_WARN_UNINITIALIZED_AUTOS = YES_AGGRESSIVE;
				GCC_WARN_UNUSED_FUNCTION = YES;
				GCC_WARN_UNUSED_VARIABLE = YES;
				IPHONEOS_DEPLOYMENT_TARGET = 11.4;
				MTL_ENABLE_DEBUG_INFO = YES;
				ONLY_ACTIVE_ARCH = YES;
				SDKROOT = iphoneos;
				SWIFT_ACTIVE_COMPILATION_CONDITIONS = DEBUG;
				SWIFT_OPTIMIZATION_LEVEL = "-Onone";
			};
			name = Debug;
		};
		6D3DCA8221064410006B64BC /* Release */ = {
			isa = XCBuildConfiguration;
			buildSettings = {
				ALWAYS_SEARCH_USER_PATHS = NO;
				CLANG_ANALYZER_NONNULL = YES;
				CLANG_ANALYZER_NUMBER_OBJECT_CONVERSION = YES_AGGRESSIVE;
				CLANG_CXX_LANGUAGE_STANDARD = "gnu++14";
				CLANG_CXX_LIBRARY = "libc++";
				CLANG_ENABLE_MODULES = YES;
				CLANG_ENABLE_OBJC_ARC = YES;
				CLANG_ENABLE_OBJC_WEAK = YES;
				CLANG_WARN_BLOCK_CAPTURE_AUTORELEASING = YES;
				CLANG_WARN_BOOL_CONVERSION = YES;
				CLANG_WARN_COMMA = YES;
				CLANG_WARN_CONSTANT_CONVERSION = YES;
				CLANG_WARN_DEPRECATED_OBJC_IMPLEMENTATIONS = YES;
				CLANG_WARN_DIRECT_OBJC_ISA_USAGE = YES_ERROR;
				CLANG_WARN_DOCUMENTATION_COMMENTS = YES;
				CLANG_WARN_EMPTY_BODY = YES;
				CLANG_WARN_ENUM_CONVERSION = YES;
				CLANG_WARN_INFINITE_RECURSION = YES;
				CLANG_WARN_INT_CONVERSION = YES;
				CLANG_WARN_NON_LITERAL_NULL_CONVERSION = YES;
				CLANG_WARN_OBJC_IMPLICIT_RETAIN_SELF = YES;
				CLANG_WARN_OBJC_LITERAL_CONVERSION = YES;
				CLANG_WARN_OBJC_ROOT_CLASS = YES_ERROR;
				CLANG_WARN_RANGE_LOOP_ANALYSIS = YES;
				CLANG_WARN_STRICT_PROTOTYPES = YES;
				CLANG_WARN_SUSPICIOUS_MOVE = YES;
				CLANG_WARN_UNGUARDED_AVAILABILITY = YES_AGGRESSIVE;
				CLANG_WARN_UNREACHABLE_CODE = YES;
				CLANG_WARN__DUPLICATE_METHOD_MATCH = YES;
				CODE_SIGN_IDENTITY = "iPhone Developer";
				COPY_PHASE_STRIP = NO;
				DEBUG_INFORMATION_FORMAT = "dwarf-with-dsym";
				ENABLE_NS_ASSERTIONS = NO;
				ENABLE_STRICT_OBJC_MSGSEND = YES;
				GCC_C_LANGUAGE_STANDARD = gnu11;
				GCC_NO_COMMON_BLOCKS = YES;
				GCC_WARN_64_TO_32_BIT_CONVERSION = YES;
				GCC_WARN_ABOUT_RETURN_TYPE = YES_ERROR;
				GCC_WARN_UNDECLARED_SELECTOR = YES;
				GCC_WARN_UNINITIALIZED_AUTOS = YES_AGGRESSIVE;
				GCC_WARN_UNUSED_FUNCTION = YES;
				GCC_WARN_UNUSED_VARIABLE = YES;
				IPHONEOS_DEPLOYMENT_TARGET = 11.4;
				MTL_ENABLE_DEBUG_INFO = NO;
				SDKROOT = iphoneos;
				SWIFT_COMPILATION_MODE = wholemodule;
				SWIFT_OPTIMIZATION_LEVEL = "-O";
				VALIDATE_PRODUCT = YES;
			};
			name = Release;
		};
		6D3DCA8421064410006B64BC /* Debug */ = {
			isa = XCBuildConfiguration;
			baseConfigurationReference = F155A007D88C2EB334CD5A2B /* Pods-CodeChallenge.debug.xcconfig */;
			buildSettings = {
				ASSETCATALOG_COMPILER_APPICON_NAME = AppIcon;
				CODE_SIGN_STYLE = Automatic;
				DEVELOPMENT_TEAM = 98552BXM3C;
				INFOPLIST_FILE = CodeChallenge/Info.plist;
				LD_RUNPATH_SEARCH_PATHS = (
					"$(inherited)",
					"@executable_path/Frameworks",
				);
				PRODUCT_BUNDLE_IDENTIFIER = com.raphael.CodeChallenge;
				PRODUCT_NAME = "$(TARGET_NAME)";
				SWIFT_VERSION = 4.0;
				TARGETED_DEVICE_FAMILY = "1,2";
			};
			name = Debug;
		};
		6D3DCA8521064410006B64BC /* Release */ = {
			isa = XCBuildConfiguration;
			baseConfigurationReference = FC761F6185093F47AC025D50 /* Pods-CodeChallenge.release.xcconfig */;
			buildSettings = {
				ASSETCATALOG_COMPILER_APPICON_NAME = AppIcon;
				CODE_SIGN_STYLE = Automatic;
				DEVELOPMENT_TEAM = 98552BXM3C;
				INFOPLIST_FILE = CodeChallenge/Info.plist;
				LD_RUNPATH_SEARCH_PATHS = (
					"$(inherited)",
					"@executable_path/Frameworks",
				);
				PRODUCT_BUNDLE_IDENTIFIER = com.raphael.CodeChallenge;
				PRODUCT_NAME = "$(TARGET_NAME)";
				SWIFT_VERSION = 4.0;
				TARGETED_DEVICE_FAMILY = "1,2";
			};
			name = Release;
		};
/* End XCBuildConfiguration section */

/* Begin XCConfigurationList section */
		6D3DCA692106440F006B64BC /* Build configuration list for PBXProject "CodeChallenge" */ = {
			isa = XCConfigurationList;
			buildConfigurations = (
				6D3DCA8121064410006B64BC /* Debug */,
				6D3DCA8221064410006B64BC /* Release */,
			);
			defaultConfigurationIsVisible = 0;
			defaultConfigurationName = Release;
		};
		6D3DCA8321064410006B64BC /* Build configuration list for PBXNativeTarget "CodeChallenge" */ = {
			isa = XCConfigurationList;
			buildConfigurations = (
				6D3DCA8421064410006B64BC /* Debug */,
				6D3DCA8521064410006B64BC /* Release */,
			);
			defaultConfigurationIsVisible = 0;
			defaultConfigurationName = Release;
		};
/* End XCConfigurationList section */

/* Begin XCVersionGroup section */
		6D3DCA782106440F006B64BC /* CodeChallenge.xcdatamodeld */ = {
			isa = XCVersionGroup;
			children = (
				6D3DCA792106440F006B64BC /* CodeChallenge.xcdatamodel */,
			);
			currentVersion = 6D3DCA792106440F006B64BC /* CodeChallenge.xcdatamodel */;
			path = CodeChallenge.xcdatamodeld;
			sourceTree = "<group>";
			versionGroupType = wrapper.xcdatamodel;
		};
/* End XCVersionGroup section */
	};
	rootObject = 6D3DCA662106440F006B64BC /* Project object */;
}
